
Microsoft Visual Studio Solution File, Format Version 12.00
# Visual Studio Version 17
VisualStudioVersion = 17.2.32516.85
MinimumVisualStudioVersion = 10.0.40219.1
Project("{FAE04EC0-301F-11D3-BF4B-00C04F79EFBC}") = "4 kata Sum Strings as Numbers", "4 kata Sum Strings as Numbers\4 kata Sum Strings as Numbers.csproj", "{82303A4C-4067-4E60-9549-C4A501C9194A}"
EndProject
Global
	GlobalSection(SolutionConfigurationPlatforms) = preSolution
		Debug|Any CPU = Debug|Any CPU
		Release|Any CPU = Release|Any CPU
	EndGlobalSection
	GlobalSection(ProjectConfigurationPlatforms) = postSolution
		{82303A4C-4067-4E60-9549-C4A501C9194A}.Debug|Any CPU.ActiveCfg = Debug|Any CPU
		{82303A4C-4067-4E60-9549-C4A501C9194A}.Debug|Any CPU.Build.0 = Debug|Any CPU
		{82303A4C-4067-4E60-9549-C4A501C9194A}.Release|Any CPU.ActiveCfg = Release|Any CPU
		{82303A4C-4067-4E60-9549-C4A501C9194A}.Release|Any CPU.Build.0 = Release|Any CPU
	EndGlobalSection
	GlobalSection(SolutionProperties) = preSolution
		HideSolutionNode = FALSE
	EndGlobalSection
	GlobalSection(ExtensibilityGlobals) = postSolution
		SolutionGuid = {5BDB8A8E-8626-4665-BC26-00C0A719D4B1}
	EndGlobalSection
EndGlobal
